Microsoft Visual Studio Solution File, Format Version 12.00
# Visual Studio Version 17
VisualStudioVersion = 17.5.2.0
MinimumVisualStudioVersion = 10.0.40219.1
Project("{FAE04EC0-301F-11D3-BF4B-00C04F79EFBC}") = "AmApp", "AmApp.csproj", "{293EDDA6-8D54-FC2F-8B4C-84FD2E9298EF}"
EndProject
Global
	GlobalSection(SolutionConfigurationPlatforms) = preSolution
		Debug|Any CPU = Debug|Any CPU
		Release|Any CPU = Release|Any CPU
	EndGlobalSection
	GlobalSection(ProjectConfigurationPlatforms) = postSolution
		{293EDDA6-8D54-FC2F-8B4C-84FD2E9298EF}.Debug|Any CPU.ActiveCfg = Debug|Any CPU
		{293EDDA6-8D54-FC2F-8B4C-84FD2E9298EF}.Debug|Any CPU.Build.0 = Debug|Any CPU
		{293EDDA6-8D54-FC2F-8B4C-84FD2E9298EF}.Release|Any CPU.ActiveCfg = Release|Any CPU
		{293EDDA6-8D54-FC2F-8B4C-84FD2E9298EF}.Release|Any CPU.Build.0 = Release|Any CPU
	EndGlobalSection
	GlobalSection(SolutionProperties) = preSolution
		HideSolutionNode = FALSE
	EndGlobalSection
	GlobalSection(ExtensibilityGlobals) = postSolution
		SolutionGuid = {5679F0C3-0483-4229-85FE-D8CC30CDD361}
	EndGlobalSection
EndGlobal
